
Microsoft Visual Studio Solution File, Format Version 12.00
# Visual Studio 15
Project("{FAE04EC0-301F-11D3-BF4B-00C04F79EFBC}") = "AI Business Card Unity Project", "AI Business Card Unity Project.csproj", "{315F8CC3-2415-D834-FFCF-69B06F4296FE}"
EndProject
Project("{FAE04EC0-301F-11D3-BF4B-00C04F79EFBC}") = "AI Business Card Unity Project.Editor", "AI Business Card Unity Project.Editor.csproj", "{D6D9182D-F827-64D6-16E3-34C656D4042C}"
EndProject
Global
	GlobalSection(SolutionConfigurationPlatforms) = preSolution
		Debug|Any CPU = Debug|Any CPU
		Release|Any CPU = Release|Any CPU
	EndGlobalSection
	GlobalSection(ProjectConfigurationPlatforms) = postSolution
		{315F8CC3-2415-D834-FFCF-69B06F4296FE}.Debug|Any CPU.ActiveCfg = Debug|Any CPU
		{315F8CC3-2415-D834-FFCF-69B06F4296FE}.Debug|Any CPU.Build.0 = Debug|Any CPU
		{315F8CC3-2415-D834-FFCF-69B06F4296FE}.Release|Any CPU.ActiveCfg = Release|Any CPU
		{315F8CC3-2415-D834-FFCF-69B06F4296FE}.Release|Any CPU.Build.0 = Release|Any CPU
		{D6D9182D-F827-64D6-16E3-34C656D4042C}.Debug|Any CPU.ActiveCfg = Debug|Any CPU
		{D6D9182D-F827-64D6-16E3-34C656D4042C}.Debug|Any CPU.Build.0 = Debug|Any CPU
		{D6D9182D-F827-64D6-16E3-34C656D4042C}.Release|Any CPU.ActiveCfg = Release|Any CPU
		{D6D9182D-F827-64D6-16E3-34C656D4042C}.Release|Any CPU.Build.0 = Release|Any CPU
	EndGlobalSection
	GlobalSection(SolutionProperties) = preSolution
		HideSolutionNode = FALSE
	EndGlobalSection
EndGlobal
